{
  "name": "paciolan-sdk-capacitor-plugin",
  "version": "4.1.1",
  "lockfileVersion": 1,
  "requires": true,
  "dependencies": {
    "@capacitor/android": {
      "version": "3.1.2",
      "resolved": "https://registry.npmjs.org/@capacitor/android/-/android-3.1.2.tgz",
      "integrity": "sha512-WF2E2jWxO3EBl8Y3aTAa8PHwMZGiAl9pdqvJaEUUhbbovXe0UxAuG4n0mfci4ZI6dD8gannQ2peoZ74vJ0Gr3Q==",
      "dev": true
    },
    "@capacitor/core": {
      "version": "3.1.2",
      "resolved": "https://registry.npmjs.org/@capacitor/core/-/core-3.1.2.tgz",
      "integrity": "sha512-cMqDY4JTNtyonqVPYxHqbmN3M3jlEBnQxecptlR+6yk/ZuhUwOJTHT1ActXRLyrQ8XIc74+9Yd37fwjWckSwFg==",
      "requires": {
        "tslib": "^2.1.0"
      }
    },
    "@capacitor/ios": {
      "version": "3.1.2",
      "resolved": "https://registry.npmjs.org/@capacitor/ios/-/ios-3.1.2.tgz",
      "integrity": "sha512-y6wnTLK0I/ckTuofzeRkXK0OPw6vAKOj0I6QXwg2DxDdtiHmed6qP/G8cvwNBiFhZE9xfXAulxRYP8D76TPtNQ==",
      "dev": true
    },
    "tslib": {
      "version": "2.3.0",
      "resolved": "https://registry.npmjs.org/tslib/-/tslib-2.3.0.tgz",
      "integrity": "sha512-N82ooyxVNm6h1riLCoyS9e3fuJ3AMG2zIZs2Gd1ATcSFjSA23Q0fzjjZeh0jbJvWVDZ0cJT8yaNNaaXHzueNjg=="
    },
    "typescript": {
      "version": "3.6.4",
      "resolved": "https://registry.npmjs.org/typescript/-/typescript-3.6.4.tgz",
      "integrity": "sha512-unoCll1+l+YK4i4F8f22TaNVPRHcD9PA3yCuZ8g5e0qGqlVlJ/8FSateOLLSagn+Yg5+ZwuPkL8LFUc0Jcvksg==",
      "dev": true
    }
  }
}
